// !$*UTF8*$!
{
	archiveVersion = 1;
	classes = {
	};
	objectVersion = 46;
	objects = {

/* Begin PBXBuildFile section */
		302302F51E695FF000EC661B /* JRBookShelfViewController.swift in Sources */ = {isa = PBXBuildFile; fileRef = 302302F21E695FF000EC661B /* JRBookShelfViewController.swift */; };
		302302F71E696CB100EC661B /* JRInternalBookModel.swift in Sources */ = {isa = PBXBuildFile; fileRef = 302302F61E696CB100EC661B /* JRInternalBookModel.swift */; };
		3043F6041E690A2300E9BA9E /* JRIgnoreFile.swift in Sources */ = {isa = PBXBuildFile; fileRef = 3043F6031E690A2300E9BA9E /* JRIgnoreFile.swift */; };
		307B2C801E66D6E200A90FC5 /* Main.storyboard in Resources */ = {isa = PBXBuildFile; fileRef = 307B2C7E1E66D6E200A90FC5 /* Main.storyboard */; };
		307B2C821E66D6E300A90FC5 /* Assets.xcassets in Resources */ = {isa = PBXBuildFile; fileRef = 307B2C811E66D6E300A90FC5 /* Assets.xcassets */; };
		307B2C851E66D6E300A90FC5 /* LaunchScreen.storyboard in Resources */ = {isa = PBXBuildFile; fileRef = 307B2C831E66D6E300A90FC5 /* LaunchScreen.storyboard */; };
		C4151B3F1E67078800DF6E36 /* AppDelegate.swift in Sources */ = {isa = PBXBuildFile; fileRef = C4151B381E67078800DF6E36 /* AppDelegate.swift */; };
		C4151B401E67078800DF6E36 /* ViewController.swift in Sources */ = {isa = PBXBuildFile; fileRef = C4151B3E1E67078800DF6E36 /* ViewController.swift */; };
		C4151B431E67098000DF6E36 /* JRBaseViewController.swift in Sources */ = {isa = PBXBuildFile; fileRef = C4151B421E67098000DF6E36 /* JRBaseViewController.swift */; };
		C4151B461E6709EE00DF6E36 /* JRMainViewController.swift in Sources */ = {isa = PBXBuildFile; fileRef = C4151B451E6709EE00DF6E36 /* JRMainViewController.swift */; };
		C4151B481E670A3300DF6E36 /* JRNavigationController.swift in Sources */ = {isa = PBXBuildFile; fileRef = C4151B471E670A3300DF6E36 /* JRNavigationController.swift */; };
		C4151B641E670C1800DF6E36 /* NSArray+Log.m in Sources */ = {isa = PBXBuildFile; fileRef = C4151B4D1E670C1800DF6E36 /* NSArray+Log.m */; };
		C4151B651E670C1800DF6E36 /* NSAttributedString+CZAdditon.m in Sources */ = {isa = PBXBuildFile; fileRef = C4151B4F1E670C1800DF6E36 /* NSAttributedString+CZAdditon.m */; };
		C4151B661E670C1800DF6E36 /* NSObject+CZRuntime.m in Sources */ = {isa = PBXBuildFile; fileRef = C4151B511E670C1800DF6E36 /* NSObject+CZRuntime.m */; };
		C4151B671E670C1800DF6E36 /* NSString+CZBase64.m in Sources */ = {isa = PBXBuildFile; fileRef = C4151B531E670C1800DF6E36 /* NSString+CZBase64.m */; };
		C4151B681E670C1800DF6E36 /* NSString+CZHash.m in Sources */ = {isa = PBXBuildFile; fileRef = C4151B551E670C1800DF6E36 /* NSString+CZHash.m */; };
		C4151B691E670C1800DF6E36 /* NSString+CZPath.m in Sources */ = {isa = PBXBuildFile; fileRef = C4151B571E670C1800DF6E36 /* NSString+CZPath.m */; };
		C4151B6A1E670C1800DF6E36 /* UIButton+CZAddition.m in Sources */ = {isa = PBXBuildFile; fileRef = C4151B591E670C1800DF6E36 /* UIButton+CZAddition.m */; };
		C4151B6B1E670C1800DF6E36 /* UIColor+CZAddition.m in Sources */ = {isa = PBXBuildFile; fileRef = C4151B5B1E670C1800DF6E36 /* UIColor+CZAddition.m */; };
		C4151B6C1E670C1800DF6E36 /* UILabel+CZAddition.m in Sources */ = {isa = PBXBuildFile; fileRef = C4151B5D1E670C1800DF6E36 /* UILabel+CZAddition.m */; };
		C4151B6D1E670C1800DF6E36 /* UIScreen+CZAddition.m in Sources */ = {isa = PBXBuildFile; fileRef = C4151B5F1E670C1800DF6E36 /* UIScreen+CZAddition.m */; };
		C4151B6E1E670C1800DF6E36 /* UIView+CZAddition.m in Sources */ = {isa = PBXBuildFile; fileRef = C4151B611E670C1800DF6E36 /* UIView+CZAddition.m */; };
		C4151B6F1E670C1800DF6E36 /* UIViewController+CZAddition.m in Sources */ = {isa = PBXBuildFile; fileRef = C4151B631E670C1800DF6E36 /* UIViewController+CZAddition.m */; };
		C4151B741E670D4D00DF6E36 /* JRBookShopViewController.swift in Sources */ = {isa = PBXBuildFile; fileRef = C4151B731E670D4D00DF6E36 /* JRBookShopViewController.swift */; };
		C4151B761E670D5500DF6E36 /* JRForumViewController.swift in Sources */ = {isa = PBXBuildFile; fileRef = C4151B751E670D5500DF6E36 /* JRForumViewController.swift */; };
		C4151B781E670D8300DF6E36 /* JRPersonViewController.swift in Sources */ = {isa = PBXBuildFile; fileRef = C4151B771E670D8300DF6E36 /* JRPersonViewController.swift */; };
		C42DB6A61E679F78008E277E /* JRNetWorkManager.swift in Sources */ = {isa = PBXBuildFile; fileRef = C42DB6A51E679F78008E277E /* JRNetWorkManager.swift */; };
		C42DB6A81E67A018008E277E /* JRNetWorkURL.swift in Sources */ = {isa = PBXBuildFile; fileRef = C42DB6A71E67A018008E277E /* JRNetWorkURL.swift */; };
		FEB1906C37EB6588CD3C6336 /* Pods_SwiftDown.framework in Frameworks */ = {isa = PBXBuildFile; fileRef = F9863DC06F95361838B18A84 /* Pods_SwiftDown.framework */; };
/* End PBXBuildFile section */

/* Begin PBXFileReference section */
		11D00006786C0AF0ADE8E850 /* Pods-SwiftDown.debug.xcconfig */ = {isa = PBXFileReference; includeInIndex = 1; lastKnownFileType = text.xcconfig; name = "Pods-SwiftDown.debug.xcconfig"; path = "Pods/Target Support Files/Pods-SwiftDown/Pods-SwiftDown.debug.xcconfig"; sourceTree = "<group>"; };
		25705CE4576130F068A9CC3C /* Pods-SwiftDown.release.xcconfig */ = {isa = PBXFileReference; includeInIndex = 1; lastKnownFileType = text.xcconfig; name = "Pods-SwiftDown.release.xcconfig"; path = "Pods/Target Support Files/Pods-SwiftDown/Pods-SwiftDown.release.xcconfig"; sourceTree = "<group>"; };
		302302F21E695FF000EC661B /* JRBookShelfViewController.swift */ = {isa = PBXFileReference; fileEncoding = 4; lastKnownFileType = sourcecode.swift; path = JRBookShelfViewController.swift; sourceTree = "<group>"; };
		302302F61E696CB100EC661B /* JRInternalBookModel.swift */ = {isa = PBXFileReference; fileEncoding = 4; lastKnownFileType = sourcecode.swift; path = JRInternalBookModel.swift; sourceTree = "<group>"; };
		3043F6031E690A2300E9BA9E /* JRIgnoreFile.swift */ = {isa = PBXFileReference; fileEncoding = 4; lastKnownFileType = sourcecode.swift; path = JRIgnoreFile.swift; sourceTree = "<group>"; };
		307B2C771E66D6E200A90FC5 /* SwiftDown.app */ = {isa = PBXFileReference; explicitFileType = wrapper.application; includeInIndex = 0; path = SwiftDown.app; sourceTree = BUILT_PRODUCTS_DIR; };
		307B2C7F1E66D6E200A90FC5 /* Base */ = {isa = PBXFileReference; lastKnownFileType = file.storyboard; name = Base; path = Base.lproj/Main.storyboard; sourceTree = "<group>"; };
		307B2C811E66D6E300A90FC5 /* Assets.xcassets */ = {isa = PBXFileReference; lastKnownFileType = folder.assetcatalog; path = Assets.xcassets; sourceTree = "<group>"; };
		307B2C841E66D6E300A90FC5 /* Base */ = {isa = PBXFileReference; lastKnownFileType = file.storyboard; name = Base; path = Base.lproj/LaunchScreen.storyboard; sourceTree = "<group>"; };
		307B2C861E66D6E300A90FC5 /* Info.plist */ = {isa = PBXFileReference; lastKnownFileType = text.plist.xml; path = Info.plist; sourceTree = "<group>"; };
		C4151B381E67078800DF6E36 /* AppDelegate.swift */ = {isa = PBXFileReference; fileEncoding = 4; lastKnownFileType = sourcecode.swift; path = AppDelegate.swift; sourceTree = "<group>"; };
		C4151B3E1E67078800DF6E36 /* ViewController.swift */ = {isa = PBXFileReference; fileEncoding = 4; lastKnownFileType = sourcecode.swift; path = ViewController.swift; sourceTree = "<group>"; };
		C4151B421E67098000DF6E36 /* JRBaseViewController.swift */ = {isa = PBXFileReference; fileEncoding = 4; lastKnownFileType = sourcecode.swift; path = JRBaseViewController.swift; sourceTree = "<group>"; };
		C4151B451E6709EE00DF6E36 /* JRMainViewController.swift */ = {isa = PBXFileReference; fileEncoding = 4; lastKnownFileType = sourcecode.swift; path = JRMainViewController.swift; sourceTree = "<group>"; };
		C4151B471E670A3300DF6E36 /* JRNavigationController.swift */ = {isa = PBXFileReference; fileEncoding = 4; lastKnownFileType = sourcecode.swift; path = JRNavigationController.swift; sourceTree = "<group>"; };
		C4151B4B1E670C1800DF6E36 /* CZAdditions.h */ = {isa = PBXFileReference; fileEncoding = 4; lastKnownFileType = sourcecode.c.h; path = CZAdditions.h; sourceTree = "<group>"; };
		C4151B4C1E670C1800DF6E36 /* NSArray+Log.h */ = {isa = PBXFileReference; fileEncoding = 4; lastKnownFileType = sourcecode.c.h; path = "NSArray+Log.h"; sourceTree = "<group>"; };
		C4151B4D1E670C1800DF6E36 /* NSArray+Log.m */ = {isa = PBXFileReference; fileEncoding = 4; lastKnownFileType = sourcecode.c.objc; path = "NSArray+Log.m"; sourceTree = "<group>"; };
		C4151B4E1E670C1800DF6E36 /* NSAttributedString+CZAdditon.h */ = {isa = PBXFileReference; fileEncoding = 4; lastKnownFileType = sourcecode.c.h; path = "NSAttributedString+CZAdditon.h"; sourceTree = "<group>"; };
		C4151B4F1E670C1800DF6E36 /* NSAttributedString+CZAdditon.m */ = {isa = PBXFileReference; fileEncoding = 4; lastKnownFileType = sourcecode.c.objc; path = "NSAttributedString+CZAdditon.m"; sourceTree = "<group>"; };
		C4151B501E670C1800DF6E36 /* NSObject+CZRuntime.h */ = {isa = PBXFileReference; fileEncoding = 4; lastKnownFileType = sourcecode.c.h; path = "NSObject+CZRuntime.h"; sourceTree = "<group>"; };
		C4151B511E670C1800DF6E36 /* NSObject+CZRuntime.m */ = {isa = PBXFileReference; fileEncoding = 4; lastKnownFileType = sourcecode.c.objc; path = "NSObject+CZRuntime.m"; sourceTree = "<group>"; };
		C4151B521E670C1800DF6E36 /* NSString+CZBase64.h */ = {isa = PBXFileReference; fileEncoding = 4; lastKnownFileType = sourcecode.c.h; path = "NSString+CZBase64.h"; sourceTree = "<group>"; };
		C4151B531E670C1800DF6E36 /* NSString+CZBase64.m */ = {isa = PBXFileReference; fileEncoding = 4; lastKnownFileType = sourcecode.c.objc; path = "NSString+CZBase64.m"; sourceTree = "<group>"; };
		C4151B541E670C1800DF6E36 /* NSString+CZHash.h */ = {isa = PBXFileReference; fileEncoding = 4; lastKnownFileType = sourcecode.c.h; path = "NSString+CZHash.h"; sourceTree = "<group>"; };
		C4151B551E670C1800DF6E36 /* NSString+CZHash.m */ = {isa = PBXFileReference; fileEncoding = 4; lastKnownFileType = sourcecode.c.objc; path = "NSString+CZHash.m"; sourceTree = "<group>"; };
		C4151B561E670C1800DF6E36 /* NSString+CZPath.h */ = {isa = PBXFileReference; fileEncoding = 4; lastKnownFileType = sourcecode.c.h; path = "NSString+CZPath.h"; sourceTree = "<group>"; };
		C4151B571E670C1800DF6E36 /* NSString+CZPath.m */ = {isa = PBXFileReference; fileEncoding = 4; lastKnownFileType = sourcecode.c.objc; path = "NSString+CZPath.m"; sourceTree = "<group>"; };
		C4151B581E670C1800DF6E36 /* UIButton+CZAddition.h */ = {isa = PBXFileReference; fileEncoding = 4; lastKnownFileType = sourcecode.c.h; path = "UIButton+CZAddition.h"; sourceTree = "<group>"; };
		C4151B591E670C1800DF6E36 /* UIButton+CZAddition.m */ = {isa = PBXFileReference; fileEncoding = 4; lastKnownFileType = sourcecode.c.objc; path = "UIButton+CZAddition.m"; sourceTree = "<group>"; };
		C4151B5A1E670C1800DF6E36 /* UIColor+CZAddition.h */ = {isa = PBXFileReference; fileEncoding = 4; lastKnownFileType = sourcecode.c.h; path = "UIColor+CZAddition.h"; sourceTree = "<group>"; };
		C4151B5B1E670C1800DF6E36 /* UIColor+CZAddition.m */ = {isa = PBXFileReference; fileEncoding = 4; lastKnownFileType = sourcecode.c.objc; path = "UIColor+CZAddition.m"; sourceTree = "<group>"; };
		C4151B5C1E670C1800DF6E36 /* UILabel+CZAddition.h */ = {isa = PBXFileReference; fileEncoding = 4; lastKnownFileType = sourcecode.c.h; path = "UILabel+CZAddition.h"; sourceTree = "<group>"; };
		C4151B5D1E670C1800DF6E36 /* UILabel+CZAddition.m */ = {isa = PBXFileReference; fileEncoding = 4; lastKnownFileType = sourcecode.c.objc; path = "UILabel+CZAddition.m"; sourceTree = "<group>"; };
		C4151B5E1E670C1800DF6E36 /* UIScreen+CZAddition.h */ = {isa = PBXFileReference; fileEncoding = 4; lastKnownFileType = sourcecode.c.h; path = "UIScreen+CZAddition.h"; sourceTree = "<group>"; };
		C4151B5F1E670C1800DF6E36 /* UIScreen+CZAddition.m */ = {isa = PBXFileReference; fileEncoding = 4; lastKnownFileType = sourcecode.c.objc; path = "UIScreen+CZAddition.m"; sourceTree = "<group>"; };
		C4151B601E670C1800DF6E36 /* UIView+CZAddition.h */ = {isa = PBXFileReference; fileEncoding = 4; lastKnownFileType = sourcecode.c.h; path = "UIView+CZAddition.h"; sourceTree = "<group>"; };
		C4151B611E670C1800DF6E36 /* UIView+CZAddition.m */ = {isa = PBXFileReference; fileEncoding = 4; lastKnownFileType = sourcecode.c.objc; path = "UIView+CZAddition.m"; sourceTree = "<group>"; };
		C4151B621E670C1800DF6E36 /* UIViewController+CZAddition.h */ = {isa = PBXFileReference; fileEncoding = 4; lastKnownFileType = sourcecode.c.h; path = "UIViewController+CZAddition.h"; sourceTree = "<group>"; };
		C4151B631E670C1800DF6E36 /* UIViewController+CZAddition.m */ = {isa = PBXFileReference; fileEncoding = 4; lastKnownFileType = sourcecode.c.objc; path = "UIViewController+CZAddition.m"; sourceTree = "<group>"; };
		C4151B701E670C6500DF6E36 /* SwiftDemo-Bridge.h */ = {isa = PBXFileReference; lastKnownFileType = sourcecode.c.h; path = "SwiftDemo-Bridge.h"; sourceTree = "<group>"; };
		C4151B731E670D4D00DF6E36 /* JRBookShopViewController.swift */ = {isa = PBXFileReference; fileEncoding = 4; lastKnownFileType = sourcecode.swift; path = JRBookShopViewController.swift; sourceTree = "<group>"; };
		C4151B751E670D5500DF6E36 /* JRForumViewController.swift */ = {isa = PBXFileReference; fileEncoding = 4; lastKnownFileType = sourcecode.swift; path = JRForumViewController.swift; sourceTree = "<group>"; };
		C4151B771E670D8300DF6E36 /* JRPersonViewController.swift */ = {isa = PBXFileReference; fileEncoding = 4; lastKnownFileType = sourcecode.swift; path = JRPersonViewController.swift; sourceTree = "<group>"; };
		C42DB6A51E679F78008E277E /* JRNetWorkManager.swift */ = {isa = PBXFileReference; fileEncoding = 4; lastKnownFileType = sourcecode.swift; path = JRNetWorkManager.swift; sourceTree = "<group>"; };
		C42DB6A71E67A018008E277E /* JRNetWorkURL.swift */ = {isa = PBXFileReference; fileEncoding = 4; lastKnownFileType = sourcecode.swift; path = JRNetWorkURL.swift; sourceTree = "<group>"; };
		F9863DC06F95361838B18A84 /* Pods_SwiftDown.framework */ = {isa = PBXFileReference; explicitFileType = wrapper.framework; includeInIndex = 0; path = Pods_SwiftDown.framework; sourceTree = BUILT_PRODUCTS_DIR; };
/* End PBXFileReference section */

/* Begin PBXFrameworksBuildPhase section */
		307B2C741E66D6E200A90FC5 /* Frameworks */ = {
			isa = PBXFrameworksBuildPhase;
			buildActionMask = 2147483647;
			files = (
				FEB1906C37EB6588CD3C6336 /* Pods_SwiftDown.framework in Frameworks */,
			);
			runOnlyForDeploymentPostprocessing = 0;
		};
/* End PBXFrameworksBuildPhase section */

/* Begin PBXGroup section */
		302302F01E695FF000EC661B /* Cells */ = {
			isa = PBXGroup;
			children = (
			);
			path = Cells;
			sourceTree = "<group>";
		};
		302302F11E695FF000EC661B /* Controllers */ = {
			isa = PBXGroup;
			children = (
				302302F21E695FF000EC661B /* JRBookShelfViewController.swift */,
			);
			path = Controllers;
			sourceTree = "<group>";
		};
		302302F31E695FF000EC661B /* Models */ = {
			isa = PBXGroup;
			children = (
				302302F61E696CB100EC661B /* JRInternalBookModel.swift */,
			);
			path = Models;
			sourceTree = "<group>";
		};
		302302F41E695FF000EC661B /* Views */ = {
			isa = PBXGroup;
			children = (
			);
			path = Views;
			sourceTree = "<group>";
		};
		307B2C6E1E66D6E200A90FC5 = {
			isa = PBXGroup;
			children = (
				307B2C791E66D6E200A90FC5 /* SwiftDown */,
				307B2C781E66D6E200A90FC5 /* Products */,
				AE4D8014C61A20AE630FF63C /* Pods */,
				BB6BEB76565843C31648B73F /* Frameworks */,
			);
			sourceTree = "<group>";
		};
		307B2C781E66D6E200A90FC5 /* Products */ = {
			isa = PBXGroup;
			children = (
				307B2C771E66D6E200A90FC5 /* SwiftDown.app */,
			);
			name = Products;
			sourceTree = "<group>";
		};
		307B2C791E66D6E200A90FC5 /* SwiftDown */ = {
			isa = PBXGroup;
			children = (
				C4151B371E67078800DF6E36 /* Product */,
				307B2C8C1E66D6ED00A90FC5 /* SupportFile */,
			);
			path = SwiftDown;
			sourceTree = "<group>";
		};
		307B2C8C1E66D6ED00A90FC5 /* SupportFile */ = {
			isa = PBXGroup;
			children = (
				307B2C7E1E66D6E200A90FC5 /* Main.storyboard */,
				307B2C811E66D6E300A90FC5 /* Assets.xcassets */,
				307B2C831E66D6E300A90FC5 /* LaunchScreen.storyboard */,
				307B2C861E66D6E300A90FC5 /* Info.plist */,
				C4151B701E670C6500DF6E36 /* SwiftDemo-Bridge.h */,
			);
			name = SupportFile;
			sourceTree = "<group>";
		};
		AE4D8014C61A20AE630FF63C /* Pods */ = {
			isa = PBXGroup;
			children = (
				11D00006786C0AF0ADE8E850 /* Pods-SwiftDown.debug.xcconfig */,
				25705CE4576130F068A9CC3C /* Pods-SwiftDown.release.xcconfig */,
			);
			name = Pods;
			sourceTree = "<group>";
		};
		BB6BEB76565843C31648B73F /* Frameworks */ = {
			isa = PBXGroup;
			children = (
				F9863DC06F95361838B18A84 /* Pods_SwiftDown.framework */,
			);
			name = Frameworks;
			sourceTree = "<group>";
		};
		C4151B371E67078800DF6E36 /* Product */ = {
			isa = PBXGroup;
			children = (
				C4151B381E67078800DF6E36 /* AppDelegate.swift */,
				C4151B441E6709CA00DF6E36 /* JRMainModule(框架) */,
				C4151B411E67096F00DF6E36 /* JRBaseModule(基类) */,
				C4151B391E67078800DF6E36 /* JRBookShelf(书架) */,
				C4151B3A1E67078800DF6E36 /* JRBookShop(书城) */,
				C4151B3B1E67078800DF6E36 /* JRForum(圈子) */,
				C4151B3D1E67078800DF6E36 /* JRPerson(个人) */,
				C4151B3C1E67078800DF6E36 /* JRModule(其他模块) */,
				C4151B3E1E67078800DF6E36 /* ViewController.swift */,
			);
			path = Product;
			sourceTree = "<group>";
		};
		C4151B391E67078800DF6E36 /* JRBookShelf(书架) */ = {
			isa = PBXGroup;
			children = (
				302302F11E695FF000EC661B /* Controllers */,
				302302F31E695FF000EC661B /* Models */,
				302302F41E695FF000EC661B /* Views */,
				302302F01E695FF000EC661B /* Cells */,
			);
			name = "JRBookShelf(书架)";
			path = JRBookShelf;
			sourceTree = "<group>";
		};
		C4151B3A1E67078800DF6E36 /* JRBookShop(书城) */ = {
			isa = PBXGroup;
			children = (
				C4151B731E670D4D00DF6E36 /* JRBookShopViewController.swift */,
			);
			name = "JRBookShop(书城)";
			path = JRBookShop;
			sourceTree = "<group>";
		};
		C4151B3B1E67078800DF6E36 /* JRForum(圈子) */ = {
			isa = PBXGroup;
			children = (
				C4151B751E670D5500DF6E36 /* JRForumViewController.swift */,
			);
			name = "JRForum(圈子)";
			path = JRForum;
			sourceTree = "<group>";
		};
		C4151B3C1E67078800DF6E36 /* JRModule(其他模块) */ = {
			isa = PBXGroup;
			children = (
				C42DB6A41E679F62008E277E /* JRNetManager */,
				C4151B491E670BFC00DF6E36 /* JRTools(工具) */,
			);
			name = "JRModule(其他模块)";
			path = JRModule;
			sourceTree = "<group>";
		};
		C4151B3D1E67078800DF6E36 /* JRPerson(个人) */ = {
			isa = PBXGroup;
			children = (
				C4151B771E670D8300DF6E36 /* JRPersonViewController.swift */,
			);
			name = "JRPerson(个人)";
			path = JRPerson;
			sourceTree = "<group>";
		};
		C4151B411E67096F00DF6E36 /* JRBaseModule(基类) */ = {
			isa = PBXGroup;
			children = (
				C4151B421E67098000DF6E36 /* JRBaseViewController.swift */,
			);
			name = "JRBaseModule(基类)";
			path = JRBaseModule;
			sourceTree = "<group>";
		};
		C4151B441E6709CA00DF6E36 /* JRMainModule(框架) */ = {
			isa = PBXGroup;
			children = (
				C4151B451E6709EE00DF6E36 /* JRMainViewController.swift */,
				C4151B471E670A3300DF6E36 /* JRNavigationController.swift */,
			);
			name = "JRMainModule(框架)";
			path = JRMainModule;
			sourceTree = "<group>";
		};
		C4151B491E670BFC00DF6E36 /* JRTools(工具) */ = {
			isa = PBXGroup;
			children = (
				C4151B4A1E670C1800DF6E36 /* Additions */,
			);
			name = "JRTools(工具)";
			path = JRTools;
			sourceTree = "<group>";
		};
		C4151B4A1E670C1800DF6E36 /* Additions */ = {
			isa = PBXGroup;
			children = (
				C4151B4B1E670C1800DF6E36 /* CZAdditions.h */,
				C4151B4C1E670C1800DF6E36 /* NSArray+Log.h */,
				C4151B4D1E670C1800DF6E36 /* NSArray+Log.m */,
				C4151B4E1E670C1800DF6E36 /* NSAttributedString+CZAdditon.h */,
				C4151B4F1E670C1800DF6E36 /* NSAttributedString+CZAdditon.m */,
				C4151B501E670C1800DF6E36 /* NSObject+CZRuntime.h */,
				C4151B511E670C1800DF6E36 /* NSObject+CZRuntime.m */,
				C4151B521E670C1800DF6E36 /* NSString+CZBase64.h */,
				C4151B531E670C1800DF6E36 /* NSString+CZBase64.m */,
				C4151B541E670C1800DF6E36 /* NSString+CZHash.h */,
				C4151B551E670C1800DF6E36 /* NSString+CZHash.m */,
				C4151B561E670C1800DF6E36 /* NSString+CZPath.h */,
				C4151B571E670C1800DF6E36 /* NSString+CZPath.m */,
				C4151B581E670C1800DF6E36 /* UIButton+CZAddition.h */,
				C4151B591E670C1800DF6E36 /* UIButton+CZAddition.m */,
				C4151B5A1E670C1800DF6E36 /* UIColor+CZAddition.h */,
				C4151B5B1E670C1800DF6E36 /* UIColor+CZAddition.m */,
				C4151B5C1E670C1800DF6E36 /* UILabel+CZAddition.h */,
				C4151B5D1E670C1800DF6E36 /* UILabel+CZAddition.m */,
				C4151B5E1E670C1800DF6E36 /* UIScreen+CZAddition.h */,
				C4151B5F1E670C1800DF6E36 /* UIScreen+CZAddition.m */,
				C4151B601E670C1800DF6E36 /* UIView+CZAddition.h */,
				C4151B611E670C1800DF6E36 /* UIView+CZAddition.m */,
				C4151B621E670C1800DF6E36 /* UIViewController+CZAddition.h */,
				C4151B631E670C1800DF6E36 /* UIViewController+CZAddition.m */,
			);
			path = Additions;
			sourceTree = "<group>";
		};
		C42DB6A41E679F62008E277E /* JRNetManager */ = {
			isa = PBXGroup;
			children = (
				C42DB6A51E679F78008E277E /* JRNetWorkManager.swift */,
				C42DB6A71E67A018008E277E /* JRNetWorkURL.swift */,
				3043F6031E690A2300E9BA9E /* JRIgnoreFile.swift */,
			);
			path = JRNetManager;
			sourceTree = "<group>";
		};
/* End PBXGroup section */

/* Begin PBXNativeTarget section */
		307B2C761E66D6E200A90FC5 /* SwiftDown */ = {
			isa = PBXNativeTarget;
			buildConfigurationList = 307B2C891E66D6E300A90FC5 /* Build configuration list for PBXNativeTarget "SwiftDown" */;
			buildPhases = (
				9148EFC386D60463EA28B4D5 /* [CP] Check Pods Manifest.lock */,
				307B2C731E66D6E200A90FC5 /* Sources */,
				307B2C741E66D6E200A90FC5 /* Frameworks */,
				307B2C751E66D6E200A90FC5 /* Resources */,
				0E83A50B886DE464A8107832 /* [CP] Embed Pods Frameworks */,
				5247CF0D66FFA42DCC400300 /* [CP] Copy Pods Resources */,
			);
			buildRules = (
			);
			dependencies = (
			);
			name = SwiftDown;
			productName = SwiftDown;
			productReference = 307B2C771E66D6E200A90FC5 /* SwiftDown.app */;
			productType = "com.apple.product-type.application";
		};
/* End PBXNativeTarget section */

/* Begin PBXProject section */
		307B2C6F1E66D6E200A90FC5 /* Project object */ = {
			isa = PBXProject;
			attributes = {
				CLASSPREFIX = JR;
				LastSwiftUpdateCheck = 0820;
				LastUpgradeCheck = 0820;
				ORGANIZATIONNAME = "王潇";
				TargetAttributes = {
					307B2C761E66D6E200A90FC5 = {
						CreatedOnToolsVersion = 8.2;
						DevelopmentTeam = 58VU78V7N6;
						ProvisioningStyle = Automatic;
					};
				};
			};
			buildConfigurationList = 307B2C721E66D6E200A90FC5 /* Build configuration list for PBXProject "SwiftDown" */;
			compatibilityVersion = "Xcode 3.2";
			developmentRegion = English;
			hasScannedForEncodings = 0;
			knownRegions = (
				en,
				Base,
			);
			mainGroup = 307B2C6E1E66D6E200A90FC5;
			productRefGroup = 307B2C781E66D6E200A90FC5 /* Products */;
			projectDirPath = "";
			projectRoot = "";
			targets = (
				307B2C761E66D6E200A90FC5 /* SwiftDown */,
			);
		};
/* End PBXProject section */

/* Begin PBXResourcesBuildPhase section */
		307B2C751E66D6E200A90FC5 /* Resources */ = {
			isa = PBXResourcesBuildPhase;
			buildActionMask = 2147483647;
			files = (
				307B2C851E66D6E300A90FC5 /* LaunchScreen.storyboard in Resources */,
				307B2C821E66D6E300A90FC5 /* Assets.xcassets in Resources */,
				307B2C801E66D6E200A90FC5 /* Main.storyboard in Resources */,
			);
			runOnlyForDeploymentPostprocessing = 0;
		};
/* End PBXResourcesBuildPhase section */

/* Begin PBXShellScriptBuildPhase section */
		0E83A50B886DE464A8107832 /* [CP] Embed Pods Frameworks */ = {
			isa = PBXShellScriptBuildPhase;
			buildActionMask = 2147483647;
			files = (
			);
			inputPaths = (
			);
			name = "[CP] Embed Pods Frameworks";
			outputPaths = (
			);
			runOnlyForDeploymentPostprocessing = 0;
			shellPath = /bin/sh;
			shellScript = "\"${SRCROOT}/Pods/Target Support Files/Pods-SwiftDown/Pods-SwiftDown-frameworks.sh\"\n";
			showEnvVarsInLog = 0;
		};
		5247CF0D66FFA42DCC400300 /* [CP] Copy Pods Resources */ = {
			isa = PBXShellScriptBuildPhase;
			buildActionMask = 2147483647;
			files = (
			);
			inputPaths = (
			);
			name = "[CP] Copy Pods Resources";
			outputPaths = (
			);
			runOnlyForDeploymentPostprocessing = 0;
			shellPath = /bin/sh;
			shellScript = "\"${SRCROOT}/Pods/Target Support Files/Pods-SwiftDown/Pods-SwiftDown-resources.sh\"\n";
			showEnvVarsInLog = 0;
		};
		9148EFC386D60463EA28B4D5 /* [CP] Check Pods Manifest.lock */ = {
			isa = PBXShellScriptBuildPhase;
			buildActionMask = 2147483647;
			files = (
			);
			inputPaths = (
			);
			name = "[CP] Check Pods Manifest.lock";
			outputPaths = (
			);
			runOnlyForDeploymentPostprocessing = 0;
			shellPath = /bin/sh;
			shellScript = "diff \"${PODS_ROOT}/../Podfile.lock\" \"${PODS_ROOT}/Manifest.lock\" > /dev/null\nif [ $? != 0 ] ; then\n    # print error to STDERR\n    echo \"error: The sandbox is not in sync with the Podfile.lock. Run 'pod install' or update your CocoaPods installation.\" >&2\n    exit 1\nfi\n";
			showEnvVarsInLog = 0;
		};
/* End PBXShellScriptBuildPhase section */

/* Begin PBXSourcesBuildPhase section */
		307B2C731E66D6E200A90FC5 /* Sources */ = {
			isa = PBXSourcesBuildPhase;
			buildActionMask = 2147483647;
			files = (
				C4151B431E67098000DF6E36 /* JRBaseViewController.swift in Sources */,
				C4151B461E6709EE00DF6E36 /* JRMainViewController.swift in Sources */,
				302302F71E696CB100EC661B /* JRInternalBookModel.swift in Sources */,
				302302F51E695FF000EC661B /* JRBookShelfViewController.swift in Sources */,
				C42DB6A81E67A018008E277E /* JRNetWorkURL.swift in Sources */,
				C4151B681E670C1800DF6E36 /* NSString+CZHash.m in Sources */,
				C4151B6C1E670C1800DF6E36 /* UILabel+CZAddition.m in Sources */,
				C4151B651E670C1800DF6E36 /* NSAttributedString+CZAdditon.m in Sources */,
				C4151B671E670C1800DF6E36 /* NSString+CZBase64.m in Sources */,
				C4151B661E670C1800DF6E36 /* NSObject+CZRuntime.m in Sources */,
				C4151B401E67078800DF6E36 /* ViewController.swift in Sources */,
				C4151B741E670D4D00DF6E36 /* JRBookShopViewController.swift in Sources */,
				C4151B781E670D8300DF6E36 /* JRPersonViewController.swift in Sources */,
				C4151B761E670D5500DF6E36 /* JRForumViewController.swift in Sources */,
				C42DB6A61E679F78008E277E /* JRNetWorkManager.swift in Sources */,
				C4151B641E670C1800DF6E36 /* NSArray+Log.m in Sources */,
				C4151B481E670A3300DF6E36 /* JRNavigationController.swift in Sources */,
				C4151B6F1E670C1800DF6E36 /* UIViewController+CZAddition.m in Sources */,
				C4151B6D1E670C1800DF6E36 /* UIScreen+CZAddition.m in Sources */,
				C4151B6E1E670C1800DF6E36 /* UIView+CZAddition.m in Sources */,
				C4151B691E670C1800DF6E36 /* NSString+CZPath.m in Sources */,
				C4151B6A1E670C1800DF6E36 /* UIButton+CZAddition.m in Sources */,
				3043F6041E690A2300E9BA9E /* JRIgnoreFile.swift in Sources */,
				C4151B6B1E670C1800DF6E36 /* UIColor+CZAddition.m in Sources */,
				C4151B3F1E67078800DF6E36 /* AppDelegate.swift in Sources */,
			);
			runOnlyForDeploymentPostprocessing = 0;
		};
/* End PBXSourcesBuildPhase section */

/* Begin PBXVariantGroup section */
		307B2C7E1E66D6E200A90FC5 /* Main.storyboard */ = {
			isa = PBXVariantGroup;
			children = (
				307B2C7F1E66D6E200A90FC5 /* Base */,
			);
			name = Main.storyboard;
			sourceTree = "<group>";
		};
		307B2C831E66D6E300A90FC5 /* LaunchScreen.storyboard */ = {
			isa = PBXVariantGroup;
			children = (
				307B2C841E66D6E300A90FC5 /* Base */,
			);
			name = LaunchScreen.storyboard;
			sourceTree = "<group>";
		};
/* End PBXVariantGroup section */

/* Begin XCBuildConfiguration section */
		307B2C871E66D6E300A90FC5 /* Debug */ = {
			isa = XCBuildConfiguration;
			buildSettings = {
				ALWAYS_SEARCH_USER_PATHS = NO;
				CLANG_ANALYZER_NONNULL = YES;
				CLANG_CXX_LANGUAGE_STANDARD = "gnu++0x";
				CLANG_CXX_LIBRARY = "libc++";
				CLANG_ENABLE_MODULES = YES;
				CLANG_ENABLE_OBJC_ARC = YES;
				CLANG_WARN_BOOL_CONVERSION = YES;
				CLANG_WARN_CONSTANT_CONVERSION = YES;
				CLANG_WARN_DIRECT_OBJC_ISA_USAGE = YES_ERROR;
				CLANG_WARN_DOCUMENTATION_COMMENTS = YES;
				CLANG_WARN_EMPTY_BODY = YES;
				CLANG_WARN_ENUM_CONVERSION = YES;
				CLANG_WARN_INFINITE_RECURSION = YES;
				CLANG_WARN_INT_CONVERSION = YES;
				CLANG_WARN_OBJC_ROOT_CLASS = YES_ERROR;
				CLANG_WARN_SUSPICIOUS_MOVE = YES;
				CLANG_WARN_UNREACHABLE_CODE = YES;
				CLANG_WARN__DUPLICATE_METHOD_MATCH = YES;
				"CODE_SIGN_IDENTITY[sdk=iphoneos*]" = "iPhone Developer";
				COPY_PHASE_STRIP = NO;
				DEBUG_INFORMATION_FORMAT = dwarf;
				ENABLE_STRICT_OBJC_MSGSEND = YES;
				ENABLE_TESTABILITY = YES;
				GCC_C_LANGUAGE_STANDARD = gnu99;
				GCC_DYNAMIC_NO_PIC = NO;
				GCC_NO_COMMON_BLOCKS = YES;
				GCC_OPTIMIZATION_LEVEL = 0;
				GCC_PREPROCESSOR_DEFINITIONS = (
					"DEBUG=1",
					"$(inherited)",
				);
				GCC_WARN_64_TO_32_BIT_CONVERSION = YES;
				GCC_WARN_ABOUT_RETURN_TYPE = YES_ERROR;
				GCC_WARN_UNDECLARED_SELECTOR = YES;
				GCC_WARN_UNINITIALIZED_AUTOS = YES_AGGRESSIVE;
				GCC_WARN_UNUSED_FUNCTION = YES;
				GCC_WARN_UNUSED_VARIABLE = YES;
				IPHONEOS_DEPLOYMENT_TARGET = 10.2;
				MTL_ENABLE_DEBUG_INFO = YES;
				ONLY_ACTIVE_ARCH = YES;
				SDKROOT = iphoneos;
				SWIFT_ACTIVE_COMPILATION_CONDITIONS = DEBUG;
				SWIFT_OPTIMIZATION_LEVEL = "-Onone";
				TARGETED_DEVICE_FAMILY = "1,2";
			};
			name = Debug;
		};
		307B2C881E66D6E300A90FC5 /* Release */ = {
			isa = XCBuildConfiguration;
			buildSettings = {
				ALWAYS_SEARCH_USER_PATHS = NO;
				CLANG_ANALYZER_NONNULL = YES;
				CLANG_CXX_LANGUAGE_STANDARD = "gnu++0x";
				CLANG_CXX_LIBRARY = "libc++";
				CLANG_ENABLE_MODULES = YES;
				CLANG_ENABLE_OBJC_ARC = YES;
				CLANG_WARN_BOOL_CONVERSION = YES;
				CLANG_WARN_CONSTANT_CONVERSION = YES;
				CLANG_WARN_DIRECT_OBJC_ISA_USAGE = YES_ERROR;
				CLANG_WARN_DOCUMENTATION_COMMENTS = YES;
				CLANG_WARN_EMPTY_BODY = YES;
				CLANG_WARN_ENUM_CONVERSION = YES;
				CLANG_WARN_INFINITE_RECURSION = YES;
				CLANG_WARN_INT_CONVERSION = YES;
				CLANG_WARN_OBJC_ROOT_CLASS = YES_ERROR;
				CLANG_WARN_SUSPICIOUS_MOVE = YES;
				CLANG_WARN_UNREACHABLE_CODE = YES;
				CLANG_WARN__DUPLICATE_METHOD_MATCH = YES;
				"CODE_SIGN_IDENTITY[sdk=iphoneos*]" = "iPhone Developer";
				COPY_PHASE_STRIP = NO;
				DEBUG_INFORMATION_FORMAT = "dwarf-with-dsym";
				ENABLE_NS_ASSERTIONS = NO;
				ENABLE_STRICT_OBJC_MSGSEND = YES;
				GCC_C_LANGUAGE_STANDARD = gnu99;
				GCC_NO_COMMON_BLOCKS = YES;
				GCC_WARN_64_TO_32_BIT_CONVERSION = YES;
				GCC_WARN_ABOUT_RETURN_TYPE = YES_ERROR;
				GCC_WARN_UNDECLARED_SELECTOR = YES;
				GCC_WARN_UNINITIALIZED_AUTOS = YES_AGGRESSIVE;
				GCC_WARN_UNUSED_FUNCTION = YES;
				GCC_WARN_UNUSED_VARIABLE = YES;
				IPHONEOS_DEPLOYMENT_TARGET = 10.2;
				MTL_ENABLE_DEBUG_INFO = NO;
				SDKROOT = iphoneos;
				SWIFT_OPTIMIZATION_LEVEL = "-Owholemodule";
				TARGETED_DEVICE_FAMILY = "1,2";
				VALIDATE_PRODUCT = YES;
			};
			name = Release;
		};
		307B2C8A1E66D6E300A90FC5 /* Debug */ = {
			isa = XCBuildConfiguration;
			baseConfigurationReference = 11D00006786C0AF0ADE8E850 /* Pods-SwiftDown.debug.xcconfig */;
			buildSettings = {
				ASSETCATALOG_COMPILER_APPICON_NAME = AppIcon;
				DEVELOPMENT_TEAM = 58VU78V7N6;
				INFOPLIST_FILE = SwiftDown/Info.plist;
				IPHONEOS_DEPLOYMENT_TARGET = 8.0;
				LD_RUNPATH_SEARCH_PATHS = "$(inherited) @executable_path/Frameworks";
				PRODUCT_BUNDLE_IDENTIFIER = com.youranmuye;
				PRODUCT_NAME = "$(TARGET_NAME)";
				SWIFT_OBJC_BRIDGING_HEADER = "SwiftDown/SwiftDemo-Bridge.h";
				SWIFT_VERSION = 3.0;
			};
			name = Debug;
		};
		307B2C8B1E66D6E300A90FC5 /* Release */ = {
			isa = XCBuildConfiguration;
			baseConfigurationReference = 25705CE4576130F068A9CC3C /* Pods-SwiftDown.release.xcconfig */;
			buildSettings = {
				ASSETCATALOG_COMPILER_APPICON_NAME = AppIcon;
				DEVELOPMENT_TEAM = 58VU78V7N6;
				INFOPLIST_FILE = SwiftDown/Info.plist;
				IPHONEOS_DEPLOYMENT_TARGET = 8.0;
				LD_RUNPATH_SEARCH_PATHS = "$(inherited) @executable_path/Frameworks";
				PRODUCT_BUNDLE_IDENTIFIER = com.youranmuye;
				PRODUCT_NAME = "$(TARGET_NAME)";
				SWIFT_OBJC_BRIDGING_HEADER = "SwiftDown/SwiftDemo-Bridge.h";
				SWIFT_VERSION = 3.0;
			};
			name = Release;
		};
/* End XCBuildConfiguration section */

/* Begin XCConfigurationList section */
		307B2C721E66D6E200A90FC5 /* Build configuration list for PBXProject "SwiftDown" */ = {
			isa = XCConfigurationList;
			buildConfigurations = (
				307B2C871E66D6E300A90FC5 /* Debug */,
				307B2C881E66D6E300A90FC5 /* Release */,
			);
			defaultConfigurationIsVisible = 0;
			defaultConfigurationName = Release;
		};
		307B2C891E66D6E300A90FC5 /* Build configuration list for PBXNativeTarget "SwiftDown" */ = {
			isa = XCConfigurationList;
			buildConfigurations = (
				307B2C8A1E66D6E300A90FC5 /* Debug */,
				307B2C8B1E66D6E300A90FC5 /* Release */,
			);
			defaultConfigurationIsVisible = 0;
			defaultConfigurationName = Release;
		};
/* End XCConfigurationList section */
	};
	rootObject = 307B2C6F1E66D6E200A90FC5 /* Project object */;
}
